// !$*UTF8*$!
{
	archiveVersion = 1;
	classes = {
	};
	objectVersion = 46;
	objects = {

/* Begin PBXBuildFile section */
		0E4B9B8F163A7B720099D4A2 /* UIKit.framework in Frameworks */ = {isa = PBXBuildFile; fileRef = 0E4B9B8E163A7B720099D4A2 /* UIKit.framework */; };
		0E4B9B91163A7B720099D4A2 /* Foundation.framework in Frameworks */ = {isa = PBXBuildFile; fileRef = 0E4B9B90163A7B720099D4A2 /* Foundation.framework */; };
		0E4B9B93163A7B720099D4A2 /* CoreGraphics.framework in Frameworks */ = {isa = PBXBuildFile; fileRef = 0E4B9B92163A7B720099D4A2 /* CoreGraphics.framework */; };
		0E4B9B99163A7B720099D4A2 /* InfoPlist.strings in Resources */ = {isa = PBXBuildFile; fileRef = 0E4B9B97163A7B720099D4A2 /* InfoPlist.strings */; };
		0E4B9B9B163A7B720099D4A2 /* main.m in Sources */ = {isa = PBXBuildFile; fileRef = 0E4B9B9A163A7B720099D4A2 /* main.m */; };
		0E4B9B9F163A7B730099D4A2 /* calculatorAppDelegate.m in Sources */ = {isa = PBXBuildFile; fileRef = 0E4B9B9E163A7B730099D4A2 /* calculatorAppDelegate.m */; };
		0E4B9BA1163A7B730099D4A2 /* Default.png in Resources */ = {isa = PBXBuildFile; fileRef = 0E4B9BA0163A7B730099D4A2 /* Default.png */; };
		0E4B9BA3163A7B730099D4A2 /* Default@2x.png in Resources */ = {isa = PBXBuildFile; fileRef = 0E4B9BA2163A7B730099D4A2 /* Default@2x.png */; };
		0E4B9BA5163A7B730099D4A2 /* Default-568h@2x.png in Resources */ = {isa = PBXBuildFile; fileRef = 0E4B9BA4163A7B730099D4A2 /* Default-568h@2x.png */; };
		0E4B9BA8163A7B730099D4A2 /* MainStoryboard_iPhone.storyboard in Resources */ = {isa = PBXBuildFile; fileRef = 0E4B9BA6163A7B730099D4A2 /* MainStoryboard_iPhone.storyboard */; };
		0E4B9BAB163A7B730099D4A2 /* MainStoryboard_iPad.storyboard in Resources */ = {isa = PBXBuildFile; fileRef = 0E4B9BA9163A7B730099D4A2 /* MainStoryboard_iPad.storyboard */; };
		0E4B9BAE163A7B730099D4A2 /* calculatorViewController.m in Sources */ = {isa = PBXBuildFile; fileRef = 0E4B9BAD163A7B730099D4A2 /* calculatorViewController.m */; };
		0E4B9BB6163A7B730099D4A2 /* SenTestingKit.framework in Frameworks */ = {isa = PBXBuildFile; fileRef = 0E4B9BB5163A7B730099D4A2 /* SenTestingKit.framework */; };
		0E4B9BB7163A7B730099D4A2 /* UIKit.framework in Frameworks */ = {isa = PBXBuildFile; fileRef = 0E4B9B8E163A7B720099D4A2 /* UIKit.framework */; };
		0E4B9BB8163A7B730099D4A2 /* Foundation.framework in Frameworks */ = {isa = PBXBuildFile; fileRef = 0E4B9B90163A7B720099D4A2 /* Foundation.framework */; };
		0E4B9BC0163A7B730099D4A2 /* InfoPlist.strings in Resources */ = {isa = PBXBuildFile; fileRef = 0E4B9BBE163A7B730099D4A2 /* InfoPlist.strings */; };
		0E4B9BC3163A7B730099D4A2 /* calculatorTests.m in Sources */ = {isa = PBXBuildFile; fileRef = 0E4B9BC2163A7B730099D4A2 /* calculatorTests.m */; };
/* End PBXBuildFile section */

/* Begin PBXContainerItemProxy section */
		0E4B9BB9163A7B730099D4A2 /* PBXContainerItemProxy */ = {
			isa = PBXContainerItemProxy;
			containerPortal = 0E4B9B81163A7B720099D4A2 /* Project object */;
			proxyType = 1;
			remoteGlobalIDString = 0E4B9B89163A7B720099D4A2;
			remoteInfo = calculator;
		};
/* End PBXContainerItemProxy section */

/* Begin PBXFileReference section */
		0E4B9B8A163A7B720099D4A2 /* calculator.app */ = {isa = PBXFileReference; explicitFileType = wrapper.application; includeInIndex = 0; path = calculator.app; sourceTree = BUILT_PRODUCTS_DIR; };
		0E4B9B8E163A7B720099D4A2 /* UIKit.framework */ = {isa = PBXFileReference; lastKnownFileType = wrapper.framework; name = UIKit.framework; path = System/Library/Frameworks/UIKit.framework; sourceTree = SDKROOT; };
		0E4B9B90163A7B720099D4A2 /* Foundation.framework */ = {isa = PBXFileReference; lastKnownFileType = wrapper.framework; name = Foundation.framework; path = System/Library/Frameworks/Foundation.framework; sourceTree = SDKROOT; };
		0E4B9B92163A7B720099D4A2 /* CoreGraphics.framework */ = {isa = PBXFileReference; lastKnownFileType = wrapper.framework; name = CoreGraphics.framework; path = System/Library/Frameworks/CoreGraphics.framework; sourceTree = SDKROOT; };
		0E4B9B96163A7B720099D4A2 /* calculator-Info.plist */ = {isa = PBXFileReference; lastKnownFileType = text.plist.xml; path = "calculator-Info.plist"; sourceTree = "<group>"; };
		0E4B9B98163A7B720099D4A2 /* en */ = {isa = PBXFileReference; lastKnownFileType = text.plist.strings; name = en; path = en.lproj/InfoPlist.strings; sourceTree = "<group>"; };
		0E4B9B9A163A7B720099D4A2 /* main.m */ = {isa = PBXFileReference; lastKnownFileType = sourcecode.c.objc; path = main.m; sourceTree = "<group>"; };
		0E4B9B9C163A7B730099D4A2 /* calculator-Prefix.pch */ = {isa = PBXFileReference; lastKnownFileType = sourcecode.c.h; path = "calculator-Prefix.pch"; sourceTree = "<group>"; };
		0E4B9B9D163A7B730099D4A2 /* calculatorAppDelegate.h */ = {isa = PBXFileReference; lastKnownFileType = sourcecode.c.h; path = calculatorAppDelegate.h; sourceTree = "<group>"; };
		0E4B9B9E163A7B730099D4A2 /* calculatorAppDelegate.m */ = {isa = PBXFileReference; lastKnownFileType = sourcecode.c.objc; path = calculatorAppDelegate.m; sourceTree = "<group>"; };
		0E4B9BA0163A7B730099D4A2 /* Default.png */ = {isa = PBXFileReference; lastKnownFileType = image.png; path = Default.png; sourceTree = "<group>"; };
		0E4B9BA2163A7B730099D4A2 /* Default@2x.png */ = {isa = PBXFileReference; lastKnownFileType = image.png; path = "Default@2x.png"; sourceTree = "<group>"; };
		0E4B9BA4163A7B730099D4A2 /* Default-568h@2x.png */ = {isa = PBXFileReference; lastKnownFileType = image.png; path = "Default-568h@2x.png"; sourceTree = "<group>"; };
		0E4B9BA7163A7B730099D4A2 /* en */ = {isa = PBXFileReference; lastKnownFileType = file.storyboard; name = en; path = en.lproj/MainStoryboard_iPhone.storyboard; sourceTree = "<group>"; };
		0E4B9BAA163A7B730099D4A2 /* en */ = {isa = PBXFileReference; lastKnownFileType = file.storyboard; name = en; path = en.lproj/MainStoryboard_iPad.storyboard; sourceTree = "<group>"; };
		0E4B9BAC163A7B730099D4A2 /* calculatorViewController.h */ = {isa = PBXFileReference; lastKnownFileType = sourcecode.c.h; path = calculatorViewController.h; sourceTree = "<group>"; };
		0E4B9BAD163A7B730099D4A2 /* calculatorViewController.m */ = {isa = PBXFileReference; lastKnownFileType = sourcecode.c.objc; path = calculatorViewController.m; sourceTree = "<group>"; };
		0E4B9BB4163A7B730099D4A2 /* calculatorTests.octest */ = {isa = PBXFileReference; explicitFileType = wrapper.cfbundle; includeInIndex = 0; path = calculatorTests.octest; sourceTree = BUILT_PRODUCTS_DIR; };
		0E4B9BB5163A7B730099D4A2 /* SenTestingKit.framework */ = {isa = PBXFileReference; lastKnownFileType = wrapper.framework; name = SenTestingKit.framework; path = Library/Frameworks/SenTestingKit.framework; sourceTree = DEVELOPER_DIR; };
		0E4B9BBD163A7B730099D4A2 /* calculatorTests-Info.plist */ = {isa = PBXFileReference; lastKnownFileType = text.plist.xml; path = "calculatorTests-Info.plist"; sourceTree = "<group>"; };
		0E4B9BBF163A7B730099D4A2 /* en */ = {isa = PBXFileReference; lastKnownFileType = text.plist.strings; name = en; path = en.lproj/InfoPlist.strings; sourceTree = "<group>"; };
		0E4B9BC1163A7B730099D4A2 /* calculatorTests.h */ = {isa = PBXFileReference; lastKnownFileType = sourcecode.c.h; path = calculatorTests.h; sourceTree = "<group>"; };
		0E4B9BC2163A7B730099D4A2 /* calculatorTests.m */ = {isa = PBXFileReference; lastKnownFileType = sourcecode.c.objc; path = calculatorTests.m; sourceTree = "<group>"; };
/* End PBXFileReference section */

/* Begin PBXFrameworksBuildPhase section */
		0E4B9B87163A7B720099D4A2 /* Frameworks */ = {
			isa = PBXFrameworksBuildPhase;
			buildActionMask = 2147483647;
			files = (
				0E4B9B8F163A7B720099D4A2 /* UIKit.framework in Frameworks */,
				0E4B9B91163A7B720099D4A2 /* Foundation.framework in Frameworks */,
				0E4B9B93163A7B720099D4A2 /* CoreGraphics.framework in Frameworks */,
			);
			runOnlyForDeploymentPostprocessing = 0;
		};
		0E4B9BB0163A7B730099D4A2 /* Frameworks */ = {
			isa = PBXFrameworksBuildPhase;
			buildActionMask = 2147483647;
			files = (
				0E4B9BB6163A7B730099D4A2 /* SenTestingKit.framework in Frameworks */,
				0E4B9BB7163A7B730099D4A2 /* UIKit.framework in Frameworks */,
				0E4B9BB8163A7B730099D4A2 /* Foundation.framework in Frameworks */,
			);
			runOnlyForDeploymentPostprocessing = 0;
		};
/* End PBXFrameworksBuildPhase section */

/* Begin PBXGroup section */
		0E4B9B7F163A7B720099D4A2 = {
			isa = PBXGroup;
			children = (
				0E4B9B94163A7B720099D4A2 /* calculator */,
				0E4B9BBB163A7B730099D4A2 /* calculatorTests */,
				0E4B9B8D163A7B720099D4A2 /* Frameworks */,
				0E4B9B8B163A7B720099D4A2 /* Products */,
			);
			sourceTree = "<group>";
		};
		0E4B9B8B163A7B720099D4A2 /* Products */ = {
			isa = PBXGroup;
			children = (
				0E4B9B8A163A7B720099D4A2 /* calculator.app */,
				0E4B9BB4163A7B730099D4A2 /* calculatorTests.octest */,
			);
			name = Products;
			sourceTree = "<group>";
		};
		0E4B9B8D163A7B720099D4A2 /* Frameworks */ = {
			isa = PBXGroup;
			children = (
				0E4B9B8E163A7B720099D4A2 /* UIKit.framework */,
				0E4B9B90163A7B720099D4A2 /* Foundation.framework */,
				0E4B9B92163A7B720099D4A2 /* CoreGraphics.framework */,
				0E4B9BB5163A7B730099D4A2 /* SenTestingKit.framework */,
			);
			name = Frameworks;
			sourceTree = "<group>";
		};
		0E4B9B94163A7B720099D4A2 /* calculator */ = {
			isa = PBXGroup;
			children = (
				0E4B9B9D163A7B730099D4A2 /* calculatorAppDelegate.h */,
				0E4B9B9E163A7B730099D4A2 /* calculatorAppDelegate.m */,
				0E4B9BA6163A7B730099D4A2 /* MainStoryboard_iPhone.storyboard */,
				0E4B9BA9163A7B730099D4A2 /* MainStoryboard_iPad.storyboard */,
				0E4B9BAC163A7B730099D4A2 /* calculatorViewController.h */,
				0E4B9BAD163A7B730099D4A2 /* calculatorViewController.m */,
				0E4B9B95163A7B720099D4A2 /* Supporting Files */,
			);
			path = calculator;
			sourceTree = "<group>";
		};
		0E4B9B95163A7B720099D4A2 /* Supporting Files */ = {
			isa = PBXGroup;
			children = (
				0E4B9B96163A7B720099D4A2 /* calculator-Info.plist */,
				0E4B9B97163A7B720099D4A2 /* InfoPlist.strings */,
				0E4B9B9A163A7B720099D4A2 /* main.m */,
				0E4B9B9C163A7B730099D4A2 /* calculator-Prefix.pch */,
				0E4B9BA0163A7B730099D4A2 /* Default.png */,
				0E4B9BA2163A7B730099D4A2 /* Default@2x.png */,
				0E4B9BA4163A7B730099D4A2 /* Default-568h@2x.png */,
			);
			name = "Supporting Files";
			sourceTree = "<group>";
		};
		0E4B9BBB163A7B730099D4A2 /* calculatorTests */ = {
			isa = PBXGroup;
			children = (
				0E4B9BC1163A7B730099D4A2 /* calculatorTests.h */,
				0E4B9BC2163A7B730099D4A2 /* calculatorTests.m */,
				0E4B9BBC163A7B730099D4A2 /* Supporting Files */,
			);
			path = calculatorTests;
			sourceTree = "<group>";
		};
		0E4B9BBC163A7B730099D4A2 /* Supporting Files */ = {
			isa = PBXGroup;
			children = (
				0E4B9BBD163A7B730099D4A2 /* calculatorTests-Info.plist */,
				0E4B9BBE163A7B730099D4A2 /* InfoPlist.strings */,
			);
			name = "Supporting Files";
			sourceTree = "<group>";
		};
/* End PBXGroup section */

/* Begin PBXNativeTarget section */
		0E4B9B89163A7B720099D4A2 /* calculator */ = {
			isa = PBXNativeTarget;
			buildConfigurationList = 0E4B9BC6163A7B730099D4A2 /* Build configuration list for PBXNativeTarget "calculator" */;
			buildPhases = (
				0E4B9B86163A7B720099D4A2 /* Sources */,
				0E4B9B87163A7B720099D4A2 /* Frameworks */,
				0E4B9B88163A7B720099D4A2 /* Resources */,
			);
			buildRules = (
			);
			dependencies = (
			);
			name = calculator;
			productName = calculator;
			productReference = 0E4B9B8A163A7B720099D4A2 /* calculator.app */;
			productType = "com.apple.product-type.application";
		};
		0E4B9BB3163A7B730099D4A2 /* calculatorTests */ = {
			isa = PBXNativeTarget;
			buildConfigurationList = 0E4B9BC9163A7B730099D4A2 /* Build configuration list for PBXNativeTarget "calculatorTests" */;
			buildPhases = (
				0E4B9BAF163A7B730099D4A2 /* Sources */,
				0E4B9BB0163A7B730099D4A2 /* Frameworks */,
				0E4B9BB1163A7B730099D4A2 /* Resources */,
				0E4B9BB2163A7B730099D4A2 /* ShellScript */,
			);
			buildRules = (
			);
			dependencies = (
				0E4B9BBA163A7B730099D4A2 /* PBXTargetDependency */,
			);
			name = calculatorTests;
			productName = calculatorTests;
			productReference = 0E4B9BB4163A7B730099D4A2 /* calculatorTests.octest */;
			productType = "com.apple.product-type.bundle";
		};
/* End PBXNativeTarget section */

/* Begin PBXProject section */
		0E4B9B81163A7B720099D4A2 /* Project object */ = {
			isa = PBXProject;
			attributes = {
				CLASSPREFIX = calculator;
				LastUpgradeCheck = 0450;
				ORGANIZATIONNAME = "Masatoshi Nakamura";
			};
			buildConfigurationList = 0E4B9B84163A7B720099D4A2 /* Build configuration list for PBXProject "calculator" */;
			compatibilityVersion = "Xcode 3.2";
			developmentRegion = English;
			hasScannedForEncodings = 0;
			knownRegions = (
				en,
			);
			mainGroup = 0E4B9B7F163A7B720099D4A2;
			productRefGroup = 0E4B9B8B163A7B720099D4A2 /* Products */;
			projectDirPath = "";
			projectRoot = "";
			targets = (
				0E4B9B89163A7B720099D4A2 /* calculator */,
				0E4B9BB3163A7B730099D4A2 /* calculatorTests */,
			);
		};
/* End PBXProject section */

/* Begin PBXResourcesBuildPhase section */
		0E4B9B88163A7B720099D4A2 /* Resources */ = {
			isa = PBXResourcesBuildPhase;
			buildActionMask = 2147483647;
			files = (
				0E4B9B99163A7B720099D4A2 /* InfoPlist.strings in Resources */,
				0E4B9BA1163A7B730099D4A2 /* Default.png in Resources */,
				0E4B9BA3163A7B730099D4A2 /* Default@2x.png in Resources */,
				0E4B9BA5163A7B730099D4A2 /* Default-568h@2x.png in Resources */,
				0E4B9BA8163A7B730099D4A2 /* MainStoryboard_iPhone.storyboard in Resources */,
				0E4B9BAB163A7B730099D4A2 /* MainStoryboard_iPad.storyboard in Resources */,
			);
			runOnlyForDeploymentPostprocessing = 0;
		};
		0E4B9BB1163A7B730099D4A2 /* Resources */ = {
			isa = PBXResourcesBuildPhase;
			buildActionMask = 2147483647;
			files = (
				0E4B9BC0163A7B730099D4A2 /* InfoPlist.strings in Resources */,
			);
			runOnlyForDeploymentPostprocessing = 0;
		};
/* End PBXResourcesBuildPhase section */

/* Begin PBXShellScriptBuildPhase section */
		0E4B9BB2163A7B730099D4A2 /* ShellScript */ = {
			isa = PBXShellScriptBuildPhase;
			buildActionMask = 2147483647;
			files = (
			);
			inputPaths = (
			);
			outputPaths = (
			);
			runOnlyForDeploymentPostprocessing = 0;
			shellPath = /bin/sh;
			shellScript = "# Run the unit tests in this test bundle.\n\"${SYSTEM_DEVELOPER_DIR}/Tools/RunUnitTests\"\n";
		};
/* End PBXShellScriptBuildPhase section */

/* Begin PBXSourcesBuildPhase section */
		0E4B9B86163A7B720099D4A2 /* Sources */ = {
			isa = PBXSourcesBuildPhase;
			buildActionMask = 2147483647;
			files = (
				0E4B9B9B163A7B720099D4A2 /* main.m in Sources */,
				0E4B9B9F163A7B730099D4A2 /* calculatorAppDelegate.m in Sources */,
				0E4B9BAE163A7B730099D4A2 /* calculatorViewController.m in Sources */,
			);
			runOnlyForDeploymentPostprocessing = 0;
		};
		0E4B9BAF163A7B730099D4A2 /* Sources */ = {
			isa = PBXSourcesBuildPhase;
			buildActionMask = 2147483647;
			files = (
				0E4B9BC3163A7B730099D4A2 /* calculatorTests.m in Sources */,
			);
			runOnlyForDeploymentPostprocessing = 0;
		};
/* End PBXSourcesBuildPhase section */

/* Begin PBXTargetDependency section */
		0E4B9BBA163A7B730099D4A2 /* PBXTargetDependency */ = {
			isa = PBXTargetDependency;
			target = 0E4B9B89163A7B720099D4A2 /* calculator */;
			targetProxy = 0E4B9BB9163A7B730099D4A2 /* PBXContainerItemProxy */;
		};
/* End PBXTargetDependency section */

/* Begin PBXVariantGroup section */
		0E4B9B97163A7B720099D4A2 /* InfoPlist.strings */ = {
			isa = PBXVariantGroup;
			children = (
				0E4B9B98163A7B720099D4A2 /* en */,
			);
			name = InfoPlist.strings;
			sourceTree = "<group>";
		};
		0E4B9BA6163A7B730099D4A2 /* MainStoryboard_iPhone.storyboard */ = {
			isa = PBXVariantGroup;
			children = (
				0E4B9BA7163A7B730099D4A2 /* en */,
			);
			name = MainStoryboard_iPhone.storyboard;
			sourceTree = "<group>";
		};
		0E4B9BA9163A7B730099D4A2 /* MainStoryboard_iPad.storyboard */ = {
			isa = PBXVariantGroup;
			children = (
				0E4B9BAA163A7B730099D4A2 /* en */,
			);
			name = MainStoryboard_iPad.storyboard;
			sourceTree = "<group>";
		};
		0E4B9BBE163A7B730099D4A2 /* InfoPlist.strings */ = {
			isa = PBXVariantGroup;
			children = (
				0E4B9BBF163A7B730099D4A2 /* en */,
			);
			name = InfoPlist.strings;
			sourceTree = "<group>";
		};
/* End PBXVariantGroup section */

/* Begin XCBuildConfiguration section */
		0E4B9BC4163A7B730099D4A2 /* Debug */ = {
			isa = XCBuildConfiguration;
			buildSettings = {
				ALWAYS_SEARCH_USER_PATHS = NO;
				CLANG_CXX_LANGUAGE_STANDARD = "gnu++0x";
				CLANG_CXX_LIBRARY = "libc++";
				CLANG_ENABLE_OBJC_ARC = YES;
				CLANG_WARN_EMPTY_BODY = YES;
				CLANG_WARN__DUPLICATE_METHOD_MATCH = YES;
				"CODE_SIGN_IDENTITY[sdk=iphoneos*]" = "iPhone Developer";
				COPY_PHASE_STRIP = NO;
				GCC_C_LANGUAGE_STANDARD = gnu99;
				GCC_DYNAMIC_NO_PIC = NO;
				GCC_OPTIMIZATION_LEVEL = 0;
				GCC_PREPROCESSOR_DEFINITIONS = (
					"DEBUG=1",
					"$(inherited)",
				);
				GCC_SYMBOLS_PRIVATE_EXTERN = NO;
				GCC_WARN_ABOUT_RETURN_TYPE = YES;
				GCC_WARN_UNINITIALIZED_AUTOS = YES;
				GCC_WARN_UNUSED_VARIABLE = YES;
				IPHONEOS_DEPLOYMENT_TARGET = 6.0;
				SDKROOT = iphoneos;
				TARGETED_DEVICE_FAMILY = "1,2";
			};
			name = Debug;
		};
		0E4B9BC5163A7B730099D4A2 /* Release */ = {
			isa = XCBuildConfiguration;
			buildSettings = {
				ALWAYS_SEARCH_USER_PATHS = NO;
				CLANG_CXX_LANGUAGE_STANDARD = "gnu++0x";
				CLANG_CXX_LIBRARY = "libc++";
				CLANG_ENABLE_OBJC_ARC = YES;
				CLANG_WARN_EMPTY_BODY = YES;
				CLANG_WARN__DUPLICATE_METHOD_MATCH = YES;
				"CODE_SIGN_IDENTITY[sdk=iphoneos*]" = "iPhone Developer";
				COPY_PHASE_STRIP = YES;
				GCC_C_LANGUAGE_STANDARD = gnu99;
				GCC_WARN_ABOUT_RETURN_TYPE = YES;
				GCC_WARN_UNINITIALIZED_AUTOS = YES;
				GCC_WARN_UNUSED_VARIABLE = YES;
				IPHONEOS_DEPLOYMENT_TARGET = 6.0;
				OTHER_CFLAGS = "-DNS_BLOCK_ASSERTIONS=1";
				SDKROOT = iphoneos;
				TARGETED_DEVICE_FAMILY = "1,2";
				VALIDATE_PRODUCT = YES;
			};
			name = Release;
		};
		0E4B9BC7163A7B730099D4A2 /* Debug */ = {
			isa = XCBuildConfiguration;
			buildSettings = {
				GCC_PRECOMPILE_PREFIX_HEADER = YES;
				GCC_PREFIX_HEADER = "calculator/calculator-Prefix.pch";
				INFOPLIST_FILE = "calculator/calculator-Info.plist";
				PRODUCT_NAME = "$(TARGET_NAME)";
				WRAPPER_EXTENSION = app;
			};
			name = Debug;
		};
		0E4B9BC8163A7B730099D4A2 /* Release */ = {
			isa = XCBuildConfiguration;
			buildSettings = {
				GCC_PRECOMPILE_PREFIX_HEADER = YES;
				GCC_PREFIX_HEADER = "calculator/calculator-Prefix.pch";
				INFOPLIST_FILE = "calculator/calculator-Info.plist";
				PRODUCT_NAME = "$(TARGET_NAME)";
				WRAPPER_EXTENSION = app;
			};
			name = Release;
		};
		0E4B9BCA163A7B730099D4A2 /* Debug */ = {
			isa = XCBuildConfiguration;
			buildSettings = {
				BUNDLE_LOADER = "$(BUILT_PRODUCTS_DIR)/calculator.app/calculator";
				FRAMEWORK_SEARCH_PATHS = (
					"\"$(SDKROOT)/Developer/Library/Frameworks\"",
					"\"$(DEVELOPER_LIBRARY_DIR)/Frameworks\"",
				);
				GCC_PRECOMPILE_PREFIX_HEADER = YES;
				GCC_PREFIX_HEADER = "calculator/calculator-Prefix.pch";
				INFOPLIST_FILE = "calculatorTests/calculatorTests-Info.plist";
				PRODUCT_NAME = "$(TARGET_NAME)";
				TEST_HOST = "$(BUNDLE_LOADER)";
				WRAPPER_EXTENSION = octest;
			};
			name = Debug;
		};
		0E4B9BCB163A7B730099D4A2 /* Release */ = {
			isa = XCBuildConfiguration;
			buildSettings = {
				BUNDLE_LOADER = "$(BUILT_PRODUCTS_DIR)/calculator.app/calculator";
				FRAMEWORK_SEARCH_PATHS = (
					"\"$(SDKROOT)/Developer/Library/Frameworks\"",
					"\"$(DEVELOPER_LIBRARY_DIR)/Frameworks\"",
				);
				GCC_PRECOMPILE_PREFIX_HEADER = YES;
				GCC_PREFIX_HEADER = "calculator/calculator-Prefix.pch";
				INFOPLIST_FILE = "calculatorTests/calculatorTests-Info.plist";
				PRODUCT_NAME = "$(TARGET_NAME)";
				TEST_HOST = "$(BUNDLE_LOADER)";
				WRAPPER_EXTENSION = octest;
			};
			name = Release;
		};
/* End XCBuildConfiguration section */

/* Begin XCConfigurationList section */
		0E4B9B84163A7B720099D4A2 /* Build configuration list for PBXProject "calculator" */ = {
			isa = XCConfigurationList;
			buildConfigurations = (
				0E4B9BC4163A7B730099D4A2 /* Debug */,
				0E4B9BC5163A7B730099D4A2 /* Release */,
			);
			defaultConfigurationIsVisible = 0;
			defaultConfigurationName = Release;
		};
		0E4B9BC6163A7B730099D4A2 /* Build configuration list for PBXNativeTarget "calculator" */ = {
			isa = XCConfigurationList;
			buildConfigurations = (
				0E4B9BC7163A7B730099D4A2 /* Debug */,
				0E4B9BC8163A7B730099D4A2 /* Release */,
			);
			defaultConfigurationIsVisible = 0;
		};
		0E4B9BC9163A7B730099D4A2 /* Build configuration list for PBXNativeTarget "calculatorTests" */ = {
			isa = XCConfigurationList;
			buildConfigurations = (
				0E4B9BCA163A7B730099D4A2 /* Debug */,
				0E4B9BCB163A7B730099D4A2 /* Release */,
			);
			defaultConfigurationIsVisible = 0;
		};
/* End XCConfigurationList section */
	};
	rootObject = 0E4B9B81163A7B720099D4A2 /* Project object */;
}
